
Microsoft Visual Studio Solution File, Format Version 12.00
# Visual Studio 14
VisualStudioVersion = 14.0.25123.0
MinimumVisualStudioVersion = 10.0.40219.1
Project("{FAE04EC0-301F-11D3-BF4B-00C04F79EFBC}") = "Lithnet.GoogleApps.MA", "Lithnet.GoogleApps.MA.csproj", "{BC2A1015-AF9B-4A54-9F04-96337D88657F}"
EndProject
Project("{FAE04EC0-301F-11D3-BF4B-00C04F79EFBC}") = "Lithnet.GoogleApps", "..\googleapps-client\Lithnet.GoogleApps.csproj", "{F26EAC4C-F7F2-4AEC-916D-3923B2916DA3}"
EndProject
Project("{FAE04EC0-301F-11D3-BF4B-00C04F79EFBC}") = "Lithnet.GoogleApps.MA.Test", "..\..\..\temp\Lithnet.GoogleApps.MA.Test\Lithnet.GoogleApps.MA.Test.csproj", "{A5253815-61E9-47BD-BBF2-59472E3B9A5C}"
EndProject
Project("{FAE04EC0-301F-11D3-BF4B-00C04F79EFBC}") = "Lithnet.GoogleApps.MA.UnitTests", "Lithnet.GoogleApps.MA.UnitTests\Lithnet.GoogleApps.MA.UnitTests.csproj", "{0B79BEE9-FCBA-40F8-A8D9-870C0711D922}"
EndProject
Global
	GlobalSection(SolutionConfigurationPlatforms) = preSolution
		Debug|Any CPU = Debug|Any CPU
		Release|Any CPU = Release|Any CPU
	EndGlobalSection
	GlobalSection(ProjectConfigurationPlatforms) = postSolution
		{BC2A1015-AF9B-4A54-9F04-96337D88657F}.Debug|Any CPU.ActiveCfg = Debug|Any CPU
		{BC2A1015-AF9B-4A54-9F04-96337D88657F}.Debug|Any CPU.Build.0 = Debug|Any CPU
		{BC2A1015-AF9B-4A54-9F04-96337D88657F}.Release|Any CPU.ActiveCfg = Release|Any CPU
		{BC2A1015-AF9B-4A54-9F04-96337D88657F}.Release|Any CPU.Build.0 = Release|Any CPU
		{F26EAC4C-F7F2-4AEC-916D-3923B2916DA3}.Debug|Any CPU.ActiveCfg = Debug|Any CPU
		{F26EAC4C-F7F2-4AEC-916D-3923B2916DA3}.Debug|Any CPU.Build.0 = Debug|Any CPU
		{F26EAC4C-F7F2-4AEC-916D-3923B2916DA3}.Release|Any CPU.ActiveCfg = Release|Any CPU
		{F26EAC4C-F7F2-4AEC-916D-3923B2916DA3}.Release|Any CPU.Build.0 = Release|Any CPU
		{A5253815-61E9-47BD-BBF2-59472E3B9A5C}.Debug|Any CPU.ActiveCfg = Debug|Any CPU
		{A5253815-61E9-47BD-BBF2-59472E3B9A5C}.Debug|Any CPU.Build.0 = Debug|Any CPU
		{A5253815-61E9-47BD-BBF2-59472E3B9A5C}.Release|Any CPU.ActiveCfg = Release|Any CPU
		{A5253815-61E9-47BD-BBF2-59472E3B9A5C}.Release|Any CPU.Build.0 = Release|Any CPU
		{0B79BEE9-FCBA-40F8-A8D9-870C0711D922}.Debug|Any CPU.ActiveCfg = Debug|Any CPU
		{0B79BEE9-FCBA-40F8-A8D9-870C0711D922}.Debug|Any CPU.Build.0 = Debug|Any CPU
		{0B79BEE9-FCBA-40F8-A8D9-870C0711D922}.Release|Any CPU.ActiveCfg = Release|Any CPU
		{0B79BEE9-FCBA-40F8-A8D9-870C0711D922}.Release|Any CPU.Build.0 = Release|Any CPU
	EndGlobalSection
	GlobalSection(SolutionProperties) = preSolution
		HideSolutionNode = FALSE
	EndGlobalSection
EndGlobal
